// !$*UTF8*$!
{
	archiveVersion = 1;
	classes = {
	};
	objectVersion = 56;
	objects = {

/* Begin PBXBuildFile section */
		2390862F35648D83A8577C3F /* Pods_Tracker.framework in Frameworks */ = {isa = PBXBuildFile; fileRef = B82C23C82A3DCB01A62304C2 /* Pods_Tracker.framework */; };
		8A3923142A5157BA00DA2752 /* UIColor.swift in Sources */ = {isa = PBXBuildFile; fileRef = 8A3923132A5157BA00DA2752 /* UIColor.swift */; };
		8A4F23562A518797009DE378 /* StatisticViewController.swift in Sources */ = {isa = PBXBuildFile; fileRef = 8A4F23552A518797009DE378 /* StatisticViewController.swift */; };
		8A4F23582A519914009DE378 /* TrackerCell.swift in Sources */ = {isa = PBXBuildFile; fileRef = 8A4F23572A519914009DE378 /* TrackerCell.swift */; };
		8A6E427A2A5C5E7B00CE2D0B /* TrackerModel.swift in Sources */ = {isa = PBXBuildFile; fileRef = 8A6E42792A5C5E7B00CE2D0B /* TrackerModel.swift */; };
		8A70EB1B2A717AA6002E6409 /* CoreDataModel.xcdatamodeld in Sources */ = {isa = PBXBuildFile; fileRef = 8A70EB192A717AA6002E6409 /* CoreDataModel.xcdatamodeld */; };
		8A70EB1D2A7271E0002E6409 /* TrackerStore.swift in Sources */ = {isa = PBXBuildFile; fileRef = 8A70EB1C2A7271E0002E6409 /* TrackerStore.swift */; };
		8A7476482A701BC500056CE9 /* Main.storyboard in Resources */ = {isa = PBXBuildFile; fileRef = 8A7476472A701BC500056CE9 /* Main.storyboard */; };
		8A7CEA512A3B36DC005007D2 /* AppDelegate.swift in Sources */ = {isa = PBXBuildFile; fileRef = 8A7CEA502A3B36DC005007D2 /* AppDelegate.swift */; };
		8A7CEA532A3B36DC005007D2 /* SceneDelegate.swift in Sources */ = {isa = PBXBuildFile; fileRef = 8A7CEA522A3B36DC005007D2 /* SceneDelegate.swift */; };
		8A7CEA552A3B36DC005007D2 /* TrackersViewController.swift in Sources */ = {isa = PBXBuildFile; fileRef = 8A7CEA542A3B36DC005007D2 /* TrackersViewController.swift */; };
		8A7CEA5A2A3B36DE005007D2 /* Assets.xcassets in Resources */ = {isa = PBXBuildFile; fileRef = 8A7CEA592A3B36DE005007D2 /* Assets.xcassets */; };
		8A7CEA5D2A3B36DE005007D2 /* LaunchScreen.storyboard in Resources */ = {isa = PBXBuildFile; fileRef = 8A7CEA5B2A3B36DE005007D2 /* LaunchScreen.storyboard */; };
		8A9DB7732A63D103001896CB /* TrackerCategoryModel.swift in Sources */ = {isa = PBXBuildFile; fileRef = 8A9DB7722A63D103001896CB /* TrackerCategoryModel.swift */; };
		8A9DB7762A63D136001896CB /* TrackerRecordModel.swift in Sources */ = {isa = PBXBuildFile; fileRef = 8A9DB7752A63D136001896CB /* TrackerRecordModel.swift */; };
		8A9DB7782A63D148001896CB /* WeekDayModel.swift in Sources */ = {isa = PBXBuildFile; fileRef = 8A9DB7772A63D148001896CB /* WeekDayModel.swift */; };
		8A9DB77A2A63DE3F001896CB /* SectionHeader.swift in Sources */ = {isa = PBXBuildFile; fileRef = 8A9DB7792A63DE3F001896CB /* SectionHeader.swift */; };
		8AAE717D2A6027E10042AE3E /* DataManager.swift in Sources */ = {isa = PBXBuildFile; fileRef = 8AAE717C2A6027E10042AE3E /* DataManager.swift */; };
		8AC02C712AED7B950029EDA0 /* Analytics.swift in Sources */ = {isa = PBXBuildFile; fileRef = 8AC02C702AED7B950029EDA0 /* Analytics.swift */; };
		8ACD77212AED464800FC8CEA /* StatisticCell.swift in Sources */ = {isa = PBXBuildFile; fileRef = 8ACD77202AED464800FC8CEA /* StatisticCell.swift */; };
		AD4226E52AC4676900100DB5 /* TrackerCategoryStore.swift in Sources */ = {isa = PBXBuildFile; fileRef = AD4226E42AC4676900100DB5 /* TrackerCategoryStore.swift */; };
		ADA13BCA2AEEB42600556243 /* TrackerPreviewViewController.swift in Sources */ = {isa = PBXBuildFile; fileRef = ADA13BC92AEEB42600556243 /* TrackerPreviewViewController.swift */; };
		ADA13BCC2AEEB4C700556243 /* TrackersViewController+ContextMenu.swift in Sources */ = {isa = PBXBuildFile; fileRef = ADA13BCB2AEEB4C700556243 /* TrackersViewController+ContextMenu.swift */; };
		ADA13C152AEEC80B00556243 /* ScheduleDelegate.swift in Sources */ = {isa = PBXBuildFile; fileRef = ADA13C0B2AEEC80B00556243 /* ScheduleDelegate.swift */; };
		ADA13C162AEEC80B00556243 /* AddTrackerViewController.swift in Sources */ = {isa = PBXBuildFile; fileRef = ADA13C0C2AEEC80B00556243 /* AddTrackerViewController.swift */; };
		ADA13C172AEEC80B00556243 /* EmojiCell.swift in Sources */ = {isa = PBXBuildFile; fileRef = ADA13C0D2AEEC80B00556243 /* EmojiCell.swift */; };
		ADA13C182AEEC80B00556243 /* EmojiCollectionView.swift in Sources */ = {isa = PBXBuildFile; fileRef = ADA13C0E2AEEC80B00556243 /* EmojiCollectionView.swift */; };
		ADA13C192AEEC80B00556243 /* NewHabitViewController.swift in Sources */ = {isa = PBXBuildFile; fileRef = ADA13C0F2AEEC80B00556243 /* NewHabitViewController.swift */; };
		ADA13C1A2AEEC80B00556243 /* ColorCollectionView.swift in Sources */ = {isa = PBXBuildFile; fileRef = ADA13C102AEEC80B00556243 /* ColorCollectionView.swift */; };
		ADA13C1B2AEEC80B00556243 /* ScheduleViewController.swift in Sources */ = {isa = PBXBuildFile; fileRef = ADA13C112AEEC80B00556243 /* ScheduleViewController.swift */; };
		ADA13C1C2AEEC80B00556243 /* ScheduleCell.swift in Sources */ = {isa = PBXBuildFile; fileRef = ADA13C122AEEC80B00556243 /* ScheduleCell.swift */; };
		ADA13C1D2AEEC80B00556243 /* ColorCell.swift in Sources */ = {isa = PBXBuildFile; fileRef = ADA13C132AEEC80B00556243 /* ColorCell.swift */; };
		ADA13C1E2AEEC80B00556243 /* NewEventViewController.swift in Sources */ = {isa = PBXBuildFile; fileRef = ADA13C142AEEC80B00556243 /* NewEventViewController.swift */; };
		ADA95E812AD43BC400322C65 /* TrackerRecordStore.swift in Sources */ = {isa = PBXBuildFile; fileRef = ADA95E802AD43BC400322C65 /* TrackerRecordStore.swift */; };
		ADBD90F32AEEC9AA00931234 /* CategoryViewController.swift in Sources */ = {isa = PBXBuildFile; fileRef = ADBD90F22AEEC9AA00931234 /* CategoryViewController.swift */; };
		ADBD90F92AEECA1800931234 /* CreateCategoryViewController.swift in Sources */ = {isa = PBXBuildFile; fileRef = ADBD90F52AEECA1800931234 /* CreateCategoryViewController.swift */; };
		ADBD90FA2AEECA1800931234 /* Observable.swift in Sources */ = {isa = PBXBuildFile; fileRef = ADBD90F62AEECA1800931234 /* Observable.swift */; };
		ADBD90FB2AEECA1800931234 /* CategoryCell.swift in Sources */ = {isa = PBXBuildFile; fileRef = ADBD90F72AEECA1800931234 /* CategoryCell.swift */; };
		ADBD90FC2AEECA1800931234 /* CategoryViewModel.swift in Sources */ = {isa = PBXBuildFile; fileRef = ADBD90F82AEECA1800931234 /* CategoryViewModel.swift */; };
		ADBD90FE2AEEE86900931234 /* Int.swift in Sources */ = {isa = PBXBuildFile; fileRef = ADBD90FD2AEEE86900931234 /* Int.swift */; };
		ADD066FB2AE9883D00FA855B /* OnboardingPageViewController.swift in Sources */ = {isa = PBXBuildFile; fileRef = ADD066FA2AE9883D00FA855B /* OnboardingPageViewController.swift */; };
/* End PBXBuildFile section */

/* Begin PBXFileReference section */
		0638CFED3D6FD27B72ECFAA8 /* Pods-Tracker.release.xcconfig */ = {isa = PBXFileReference; includeInIndex = 1; lastKnownFileType = text.xcconfig; name = "Pods-Tracker.release.xcconfig"; path = "Target Support Files/Pods-Tracker/Pods-Tracker.release.xcconfig"; sourceTree = "<group>"; };
		8A3923132A5157BA00DA2752 /* UIColor.swift */ = {isa = PBXFileReference; lastKnownFileType = sourcecode.swift; path = UIColor.swift; sourceTree = "<group>"; };
		8A4F23552A518797009DE378 /* StatisticViewController.swift */ = {isa = PBXFileReference; lastKnownFileType = sourcecode.swift; path = StatisticViewController.swift; sourceTree = "<group>"; };
		8A4F23572A519914009DE378 /* TrackerCell.swift */ = {isa = PBXFileReference; lastKnownFileType = sourcecode.swift; path = TrackerCell.swift; sourceTree = "<group>"; };
		8A6E42792A5C5E7B00CE2D0B /* TrackerModel.swift */ = {isa = PBXFileReference; lastKnownFileType = sourcecode.swift; path = TrackerModel.swift; sourceTree = "<group>"; };
		8A70EB1A2A717AA6002E6409 /* CoreDataModel.xcdatamodel */ = {isa = PBXFileReference; lastKnownFileType = wrapper.xcdatamodel; path = CoreDataModel.xcdatamodel; sourceTree = "<group>"; };
		8A70EB1C2A7271E0002E6409 /* TrackerStore.swift */ = {isa = PBXFileReference; lastKnownFileType = sourcecode.swift; path = TrackerStore.swift; sourceTree = "<group>"; };
		8A7476472A701BC500056CE9 /* Main.storyboard */ = {isa = PBXFileReference; lastKnownFileType = file.storyboard; path = Main.storyboard; sourceTree = "<group>"; };
		8A7CEA4D2A3B36DC005007D2 /* Tracker.app */ = {isa = PBXFileReference; explicitFileType = wrapper.application; includeInIndex = 0; path = Tracker.app; sourceTree = BUILT_PRODUCTS_DIR; };
		8A7CEA502A3B36DC005007D2 /* AppDelegate.swift */ = {isa = PBXFileReference; lastKnownFileType = sourcecode.swift; path = AppDelegate.swift; sourceTree = "<group>"; };
		8A7CEA522A3B36DC005007D2 /* SceneDelegate.swift */ = {isa = PBXFileReference; lastKnownFileType = sourcecode.swift; path = SceneDelegate.swift; sourceTree = "<group>"; };
		8A7CEA542A3B36DC005007D2 /* TrackersViewController.swift */ = {isa = PBXFileReference; lastKnownFileType = sourcecode.swift; path = TrackersViewController.swift; sourceTree = "<group>"; };
		8A7CEA592A3B36DE005007D2 /* Assets.xcassets */ = {isa = PBXFileReference; lastKnownFileType = folder.assetcatalog; path = Assets.xcassets; sourceTree = "<group>"; };
		8A7CEA5C2A3B36DE005007D2 /* Base */ = {isa = PBXFileReference; lastKnownFileType = file.storyboard; name = Base; path = Base.lproj/LaunchScreen.storyboard; sourceTree = "<group>"; };
		8A7CEA5E2A3B36DE005007D2 /* Info.plist */ = {isa = PBXFileReference; lastKnownFileType = text.plist.xml; path = Info.plist; sourceTree = "<group>"; };
		8A9DB7722A63D103001896CB /* TrackerCategoryModel.swift */ = {isa = PBXFileReference; lastKnownFileType = sourcecode.swift; path = TrackerCategoryModel.swift; sourceTree = "<group>"; };
		8A9DB7752A63D136001896CB /* TrackerRecordModel.swift */ = {isa = PBXFileReference; lastKnownFileType = sourcecode.swift; path = TrackerRecordModel.swift; sourceTree = "<group>"; };
		8A9DB7772A63D148001896CB /* WeekDayModel.swift */ = {isa = PBXFileReference; lastKnownFileType = sourcecode.swift; path = WeekDayModel.swift; sourceTree = "<group>"; };
		8A9DB7792A63DE3F001896CB /* SectionHeader.swift */ = {isa = PBXFileReference; lastKnownFileType = sourcecode.swift; path = SectionHeader.swift; sourceTree = "<group>"; };
		8AAE717C2A6027E10042AE3E /* DataManager.swift */ = {isa = PBXFileReference; lastKnownFileType = sourcecode.swift; path = DataManager.swift; sourceTree = "<group>"; };
		8AC02C702AED7B950029EDA0 /* Analytics.swift */ = {isa = PBXFileReference; lastKnownFileType = sourcecode.swift; path = Analytics.swift; sourceTree = "<group>"; };
		8ACD77202AED464800FC8CEA /* StatisticCell.swift */ = {isa = PBXFileReference; lastKnownFileType = sourcecode.swift; path = StatisticCell.swift; sourceTree = "<group>"; };
		A58F3A57BE108C9136A4EE32 /* Pods-Tracker.debug.xcconfig */ = {isa = PBXFileReference; includeInIndex = 1; lastKnownFileType = text.xcconfig; name = "Pods-Tracker.debug.xcconfig"; path = "Target Support Files/Pods-Tracker/Pods-Tracker.debug.xcconfig"; sourceTree = "<group>"; };
		AD4226E42AC4676900100DB5 /* TrackerCategoryStore.swift */ = {isa = PBXFileReference; lastKnownFileType = sourcecode.swift; path = TrackerCategoryStore.swift; sourceTree = "<group>"; };
		ADA13BC92AEEB42600556243 /* TrackerPreviewViewController.swift */ = {isa = PBXFileReference; lastKnownFileType = sourcecode.swift; path = TrackerPreviewViewController.swift; sourceTree = "<group>"; };
		ADA13BCB2AEEB4C700556243 /* TrackersViewController+ContextMenu.swift */ = {isa = PBXFileReference; lastKnownFileType = sourcecode.swift; path = "TrackersViewController+ContextMenu.swift"; sourceTree = "<group>"; };
		ADA13C0B2AEEC80B00556243 /* ScheduleDelegate.swift */ = {isa = PBXFileReference; fileEncoding = 4; lastKnownFileType = sourcecode.swift; path = ScheduleDelegate.swift; sourceTree = "<group>"; };
		ADA13C0C2AEEC80B00556243 /* AddTrackerViewController.swift */ = {isa = PBXFileReference; fileEncoding = 4; lastKnownFileType = sourcecode.swift; path = AddTrackerViewController.swift; sourceTree = "<group>"; };
		ADA13C0D2AEEC80B00556243 /* EmojiCell.swift */ = {isa = PBXFileReference; fileEncoding = 4; lastKnownFileType = sourcecode.swift; path = EmojiCell.swift; sourceTree = "<group>"; };
		ADA13C0E2AEEC80B00556243 /* EmojiCollectionView.swift */ = {isa = PBXFileReference; fileEncoding = 4; lastKnownFileType = sourcecode.swift; path = EmojiCollectionView.swift; sourceTree = "<group>"; };
		ADA13C0F2AEEC80B00556243 /* NewHabitViewController.swift */ = {isa = PBXFileReference; fileEncoding = 4; lastKnownFileType = sourcecode.swift; path = NewHabitViewController.swift; sourceTree = "<group>"; };
		ADA13C102AEEC80B00556243 /* ColorCollectionView.swift */ = {isa = PBXFileReference; fileEncoding = 4; lastKnownFileType = sourcecode.swift; path = ColorCollectionView.swift; sourceTree = "<group>"; };
		ADA13C112AEEC80B00556243 /* ScheduleViewController.swift */ = {isa = PBXFileReference; fileEncoding = 4; lastKnownFileType = sourcecode.swift; path = ScheduleViewController.swift; sourceTree = "<group>"; };
		ADA13C122AEEC80B00556243 /* ScheduleCell.swift */ = {isa = PBXFileReference; fileEncoding = 4; lastKnownFileType = sourcecode.swift; path = ScheduleCell.swift; sourceTree = "<group>"; };
		ADA13C132AEEC80B00556243 /* ColorCell.swift */ = {isa = PBXFileReference; fileEncoding = 4; lastKnownFileType = sourcecode.swift; path = ColorCell.swift; sourceTree = "<group>"; };
		ADA13C142AEEC80B00556243 /* NewEventViewController.swift */ = {isa = PBXFileReference; fileEncoding = 4; lastKnownFileType = sourcecode.swift; path = NewEventViewController.swift; sourceTree = "<group>"; };
		ADA95E802AD43BC400322C65 /* TrackerRecordStore.swift */ = {isa = PBXFileReference; lastKnownFileType = sourcecode.swift; path = TrackerRecordStore.swift; sourceTree = "<group>"; };
		ADBD90F22AEEC9AA00931234 /* CategoryViewController.swift */ = {isa = PBXFileReference; fileEncoding = 4; lastKnownFileType = sourcecode.swift; path = CategoryViewController.swift; sourceTree = "<group>"; };
		ADBD90F52AEECA1800931234 /* CreateCategoryViewController.swift */ = {isa = PBXFileReference; fileEncoding = 4; lastKnownFileType = sourcecode.swift; name = CreateCategoryViewController.swift; path = Tracker/TrackerCreation/CreateCategoryViewController.swift; sourceTree = SOURCE_ROOT; };
		ADBD90F62AEECA1800931234 /* Observable.swift */ = {isa = PBXFileReference; fileEncoding = 4; lastKnownFileType = sourcecode.swift; name = Observable.swift; path = Tracker/TrackerCreation/Observable.swift; sourceTree = SOURCE_ROOT; };
		ADBD90F72AEECA1800931234 /* CategoryCell.swift */ = {isa = PBXFileReference; fileEncoding = 4; lastKnownFileType = sourcecode.swift; name = CategoryCell.swift; path = Tracker/TrackerCreation/CategoryCell.swift; sourceTree = SOURCE_ROOT; };
		ADBD90F82AEECA1800931234 /* CategoryViewModel.swift */ = {isa = PBXFileReference; fileEncoding = 4; lastKnownFileType = sourcecode.swift; name = CategoryViewModel.swift; path = Tracker/TrackerCreation/CategoryViewModel.swift; sourceTree = SOURCE_ROOT; };
		ADBD90FD2AEEE86900931234 /* Int.swift */ = {isa = PBXFileReference; lastKnownFileType = sourcecode.swift; path = Int.swift; sourceTree = "<group>"; };
		ADD066FA2AE9883D00FA855B /* OnboardingPageViewController.swift */ = {isa = PBXFileReference; fileEncoding = 4; lastKnownFileType = sourcecode.swift; path = OnboardingPageViewController.swift; sourceTree = "<group>"; };
		B82C23C82A3DCB01A62304C2 /* Pods_Tracker.framework */ = {isa = PBXFileReference; explicitFileType = wrapper.framework; includeInIndex = 0; path = Pods_Tracker.framework; sourceTree = BUILT_PRODUCTS_DIR; };
/* End PBXFileReference section */

/* Begin PBXFrameworksBuildPhase section */
		8A7CEA4A2A3B36DC005007D2 /* Frameworks */ = {
			isa = PBXFrameworksBuildPhase;
			buildActionMask = 2147483647;
			files = (
				2390862F35648D83A8577C3F /* Pods_Tracker.framework in Frameworks */,
			);
			runOnlyForDeploymentPostprocessing = 0;
		};
/* End PBXFrameworksBuildPhase section */

/* Begin PBXGroup section */
		537DA173AE0357C6D3C2F530 /* Frameworks */ = {
			isa = PBXGroup;
			children = (
				B82C23C82A3DCB01A62304C2 /* Pods_Tracker.framework */,
			);
			name = Frameworks;
			sourceTree = "<group>";
		};
		87E924668DC8849683119164 /* Pods */ = {
			isa = PBXGroup;
			children = (
				A58F3A57BE108C9136A4EE32 /* Pods-Tracker.debug.xcconfig */,
				0638CFED3D6FD27B72ECFAA8 /* Pods-Tracker.release.xcconfig */,
			);
			path = Pods;
			sourceTree = "<group>";
		};
		8A3923152A5157E100DA2752 /* Helpers */ = {
			isa = PBXGroup;
			children = (
				8A3923132A5157BA00DA2752 /* UIColor.swift */,
				8AC02C702AED7B950029EDA0 /* Analytics.swift */,
				ADBD90FD2AEEE86900931234 /* Int.swift */,
			);
			path = Helpers;
			sourceTree = "<group>";
		};
		8A70EB182A71713D002E6409 /* CoreData */ = {
			isa = PBXGroup;
			children = (
				8A70EB192A717AA6002E6409 /* CoreDataModel.xcdatamodeld */,
				8A70EB1C2A7271E0002E6409 /* TrackerStore.swift */,
				AD4226E42AC4676900100DB5 /* TrackerCategoryStore.swift */,
				ADA95E802AD43BC400322C65 /* TrackerRecordStore.swift */,
			);
			path = CoreData;
			sourceTree = "<group>";
		};
		8A7CEA442A3B36DC005007D2 = {
			isa = PBXGroup;
			children = (
				8A7CEA4F2A3B36DC005007D2 /* Tracker */,
				8A7CEA4E2A3B36DC005007D2 /* Products */,
				87E924668DC8849683119164 /* Pods */,
				537DA173AE0357C6D3C2F530 /* Frameworks */,
			);
			sourceTree = "<group>";
		};
		8A7CEA4E2A3B36DC005007D2 /* Products */ = {
			isa = PBXGroup;
			children = (
				8A7CEA4D2A3B36DC005007D2 /* Tracker.app */,
			);
			name = Products;
			sourceTree = "<group>";
		};
		8A7CEA4F2A3B36DC005007D2 /* Tracker */ = {
			isa = PBXGroup;
			children = (
				8A7CEA502A3B36DC005007D2 /* AppDelegate.swift */,
				8A7CEA522A3B36DC005007D2 /* SceneDelegate.swift */,
				8AAE717C2A6027E10042AE3E /* DataManager.swift */,
				8A7CEA542A3B36DC005007D2 /* TrackersViewController.swift */,
				ADA13BCB2AEEB4C700556243 /* TrackersViewController+ContextMenu.swift */,
				ADA13BC92AEEB42600556243 /* TrackerPreviewViewController.swift */,
				8A4F23572A519914009DE378 /* TrackerCell.swift */,
				8A9DB7792A63DE3F001896CB /* SectionHeader.swift */,
				ADA13BF62AEEC7ED00556243 /* TrackerCreation */,
				ADBD90F42AEEC9D100931234 /* CategoryCreation */,
				ADD066F92AE9883D00FA855B /* Onboarding */,
				8ACD771D2AED45E800FC8CEA /* Statistics */,
				8A9DB7742A63D109001896CB /* Models */,
				8A70EB182A71713D002E6409 /* CoreData */,
				8A3923152A5157E100DA2752 /* Helpers */,
				8A7CEA592A3B36DE005007D2 /* Assets.xcassets */,
				8A7476472A701BC500056CE9 /* Main.storyboard */,
				8A7CEA5B2A3B36DE005007D2 /* LaunchScreen.storyboard */,
				8A7CEA5E2A3B36DE005007D2 /* Info.plist */,
			);
			path = Tracker;
			sourceTree = "<group>";
		};
		8A9DB7742A63D109001896CB /* Models */ = {
			isa = PBXGroup;
			children = (
				8A6E42792A5C5E7B00CE2D0B /* TrackerModel.swift */,
				8A9DB7722A63D103001896CB /* TrackerCategoryModel.swift */,
				8A9DB7752A63D136001896CB /* TrackerRecordModel.swift */,
				8A9DB7772A63D148001896CB /* WeekDayModel.swift */,
			);
			path = Models;
			sourceTree = "<group>";
		};
		8ACD771D2AED45E800FC8CEA /* Statistics */ = {
			isa = PBXGroup;
			children = (
				8A4F23552A518797009DE378 /* StatisticViewController.swift */,
				8ACD77202AED464800FC8CEA /* StatisticCell.swift */,
			);
			path = Statistics;
			sourceTree = "<group>";
		};
		ADA13BF62AEEC7ED00556243 /* TrackerCreation */ = {
			isa = PBXGroup;
			children = (
				ADA13C0C2AEEC80B00556243 /* AddTrackerViewController.swift */,
				ADA13C132AEEC80B00556243 /* ColorCell.swift */,
				ADA13C102AEEC80B00556243 /* ColorCollectionView.swift */,
				ADA13C0D2AEEC80B00556243 /* EmojiCell.swift */,
				ADA13C0E2AEEC80B00556243 /* EmojiCollectionView.swift */,
				ADA13C142AEEC80B00556243 /* NewEventViewController.swift */,
				ADA13C0F2AEEC80B00556243 /* NewHabitViewController.swift */,
				ADA13C122AEEC80B00556243 /* ScheduleCell.swift */,
				ADA13C0B2AEEC80B00556243 /* ScheduleDelegate.swift */,
				ADA13C112AEEC80B00556243 /* ScheduleViewController.swift */,
				ADBD90F22AEEC9AA00931234 /* CategoryViewController.swift */,
			);
			path = TrackerCreation;
			sourceTree = "<group>";
		};
		ADBD90F42AEEC9D100931234 /* CategoryCreation */ = {
			isa = PBXGroup;
			children = (
				ADBD90F72AEECA1800931234 /* CategoryCell.swift */,
				ADBD90F82AEECA1800931234 /* CategoryViewModel.swift */,
				ADBD90F52AEECA1800931234 /* CreateCategoryViewController.swift */,
				ADBD90F62AEECA1800931234 /* Observable.swift */,
			);
			path = CategoryCreation;
			sourceTree = "<group>";
		};
		ADD066F92AE9883D00FA855B /* Onboarding */ = {
			isa = PBXGroup;
			children = (
				ADD066FA2AE9883D00FA855B /* OnboardingPageViewController.swift */,
			);
			path = Onboarding;
			sourceTree = "<group>";
		};
/* End PBXGroup section */

/* Begin PBXNativeTarget section */
		8A7CEA4C2A3B36DC005007D2 /* Tracker */ = {
			isa = PBXNativeTarget;
			buildConfigurationList = 8A7CEA612A3B36DE005007D2 /* Build configuration list for PBXNativeTarget "Tracker" */;
			buildPhases = (
				E09B75065298A7E1F9B851FD /* [CP] Check Pods Manifest.lock */,
				8A7CEA492A3B36DC005007D2 /* Sources */,
				8A7CEA4A2A3B36DC005007D2 /* Frameworks */,
				8A7CEA4B2A3B36DC005007D2 /* Resources */,
				0DFAF7CC13CB8D1ACBECE857 /* [CP] Embed Pods Frameworks */,
			);
			buildRules = (
			);
			dependencies = (
			);
			name = Tracker;
			productName = Tracker;
			productReference = 8A7CEA4D2A3B36DC005007D2 /* Tracker.app */;
			productType = "com.apple.product-type.application";
		};
/* End PBXNativeTarget section */

/* Begin PBXProject section */
		8A7CEA452A3B36DC005007D2 /* Project object */ = {
			isa = PBXProject;
			attributes = {
				BuildIndependentTargetsInParallel = 1;
				LastSwiftUpdateCheck = 1420;
				LastUpgradeCheck = 1420;
				TargetAttributes = {
					8A7CEA4C2A3B36DC005007D2 = {
						CreatedOnToolsVersion = 14.2;
					};
				};
			};
			buildConfigurationList = 8A7CEA482A3B36DC005007D2 /* Build configuration list for PBXProject "Tracker" */;
			compatibilityVersion = "Xcode 14.0";
			developmentRegion = en;
			hasScannedForEncodings = 0;
			knownRegions = (
				en,
				Base,
			);
			mainGroup = 8A7CEA442A3B36DC005007D2;
			productRefGroup = 8A7CEA4E2A3B36DC005007D2 /* Products */;
			projectDirPath = "";
			projectRoot = "";
			targets = (
				8A7CEA4C2A3B36DC005007D2 /* Tracker */,
			);
		};
/* End PBXProject section */

/* Begin PBXResourcesBuildPhase section */
		8A7CEA4B2A3B36DC005007D2 /* Resources */ = {
			isa = PBXResourcesBuildPhase;
			buildActionMask = 2147483647;
			files = (
				8A7476482A701BC500056CE9 /* Main.storyboard in Resources */,
				8A7CEA5D2A3B36DE005007D2 /* LaunchScreen.storyboard in Resources */,
				8A7CEA5A2A3B36DE005007D2 /* Assets.xcassets in Resources */,
			);
			runOnlyForDeploymentPostprocessing = 0;
		};
/* End PBXResourcesBuildPhase section */

/* Begin PBXShellScriptBuildPhase section */
		0DFAF7CC13CB8D1ACBECE857 /* [CP] Embed Pods Frameworks */ = {
			isa = PBXShellScriptBuildPhase;
			buildActionMask = 2147483647;
			files = (
			);
			inputFileListPaths = (
				"${PODS_ROOT}/Target Support Files/Pods-Tracker/Pods-Tracker-frameworks-${CONFIGURATION}-input-files.xcfilelist",
			);
			name = "[CP] Embed Pods Frameworks";
			outputFileListPaths = (
				"${PODS_ROOT}/Target Support Files/Pods-Tracker/Pods-Tracker-frameworks-${CONFIGURATION}-output-files.xcfilelist",
			);
			runOnlyForDeploymentPostprocessing = 0;
			shellPath = /bin/sh;
			shellScript = "\"${PODS_ROOT}/Target Support Files/Pods-Tracker/Pods-Tracker-frameworks.sh\"\n";
			showEnvVarsInLog = 0;
		};
		E09B75065298A7E1F9B851FD /* [CP] Check Pods Manifest.lock */ = {
			isa = PBXShellScriptBuildPhase;
			buildActionMask = 2147483647;
			files = (
			);
			inputFileListPaths = (
			);
			inputPaths = (
				"${PODS_PODFILE_DIR_PATH}/Podfile.lock",
				"${PODS_ROOT}/Manifest.lock",
			);
			name = "[CP] Check Pods Manifest.lock";
			outputFileListPaths = (
			);
			outputPaths = (
				"$(DERIVED_FILE_DIR)/Pods-Tracker-checkManifestLockResult.txt",
			);
			runOnlyForDeploymentPostprocessing = 0;
			shellPath = /bin/sh;
			shellScript = "diff \"${PODS_PODFILE_DIR_PATH}/Podfile.lock\" \"${PODS_ROOT}/Manifest.lock\" > /dev/null\nif [ $? != 0 ] ; then\n    # print error to STDERR\n    echo \"error: The sandbox is not in sync with the Podfile.lock. Run 'pod install' or update your CocoaPods installation.\" >&2\n    exit 1\nfi\n# This output is used by Xcode 'outputs' to avoid re-running this script phase.\necho \"SUCCESS\" > \"${SCRIPT_OUTPUT_FILE_0}\"\n";
			showEnvVarsInLog = 0;
		};
/* End PBXShellScriptBuildPhase section */

/* Begin PBXSourcesBuildPhase section */
		8A7CEA492A3B36DC005007D2 /* Sources */ = {
			isa = PBXSourcesBuildPhase;
			buildActionMask = 2147483647;
			files = (
				8A9DB7732A63D103001896CB /* TrackerCategoryModel.swift in Sources */,
				8A7CEA552A3B36DC005007D2 /* TrackersViewController.swift in Sources */,
				8AAE717D2A6027E10042AE3E /* DataManager.swift in Sources */,
				8A4F23582A519914009DE378 /* TrackerCell.swift in Sources */,
				8A3923142A5157BA00DA2752 /* UIColor.swift in Sources */,
				ADA95E812AD43BC400322C65 /* TrackerRecordStore.swift in Sources */,
				ADA13C172AEEC80B00556243 /* EmojiCell.swift in Sources */,
				8A7CEA512A3B36DC005007D2 /* AppDelegate.swift in Sources */,
				AD4226E52AC4676900100DB5 /* TrackerCategoryStore.swift in Sources */,
				8ACD77212AED464800FC8CEA /* StatisticCell.swift in Sources */,
				ADD066FB2AE9883D00FA855B /* OnboardingPageViewController.swift in Sources */,
				ADA13BCC2AEEB4C700556243 /* TrackersViewController+ContextMenu.swift in Sources */,
				ADBD90FA2AEECA1800931234 /* Observable.swift in Sources */,
				8A9DB7782A63D148001896CB /* WeekDayModel.swift in Sources */,
				8A4F23562A518797009DE378 /* StatisticViewController.swift in Sources */,
				8AC02C712AED7B950029EDA0 /* Analytics.swift in Sources */,
				ADBD90FC2AEECA1800931234 /* CategoryViewModel.swift in Sources */,
				ADA13C162AEEC80B00556243 /* AddTrackerViewController.swift in Sources */,
				ADA13C1A2AEEC80B00556243 /* ColorCollectionView.swift in Sources */,
				ADBD90FE2AEEE86900931234 /* Int.swift in Sources */,
				ADA13C1C2AEEC80B00556243 /* ScheduleCell.swift in Sources */,
				ADA13BCA2AEEB42600556243 /* TrackerPreviewViewController.swift in Sources */,
				8A6E427A2A5C5E7B00CE2D0B /* TrackerModel.swift in Sources */,
				ADBD90F32AEEC9AA00931234 /* CategoryViewController.swift in Sources */,
				ADA13C1B2AEEC80B00556243 /* ScheduleViewController.swift in Sources */,
				ADA13C182AEEC80B00556243 /* EmojiCollectionView.swift in Sources */,
				ADBD90FB2AEECA1800931234 /* CategoryCell.swift in Sources */,
				8A70EB1D2A7271E0002E6409 /* TrackerStore.swift in Sources */,
				ADA13C1D2AEEC80B00556243 /* ColorCell.swift in Sources */,
				ADA13C1E2AEEC80B00556243 /* NewEventViewController.swift in Sources */,
				8A9DB77A2A63DE3F001896CB /* SectionHeader.swift in Sources */,
				ADBD90F92AEECA1800931234 /* CreateCategoryViewController.swift in Sources */,
				8A7CEA532A3B36DC005007D2 /* SceneDelegate.swift in Sources */,
				ADA13C192AEEC80B00556243 /* NewHabitViewController.swift in Sources */,
				8A70EB1B2A717AA6002E6409 /* CoreDataModel.xcdatamodeld in Sources */,
				8A9DB7762A63D136001896CB /* TrackerRecordModel.swift in Sources */,
				ADA13C152AEEC80B00556243 /* ScheduleDelegate.swift in Sources */,
			);
			runOnlyForDeploymentPostprocessing = 0;
		};
/* End PBXSourcesBuildPhase section */

/* Begin PBXVariantGroup section */
		8A7CEA5B2A3B36DE005007D2 /* LaunchScreen.storyboard */ = {
			isa = PBXVariantGroup;
			children = (
				8A7CEA5C2A3B36DE005007D2 /* Base */,
			);
			name = LaunchScreen.storyboard;
			sourceTree = "<group>";
		};
/* End PBXVariantGroup section */

/* Begin XCBuildConfiguration section */
		8A7CEA5F2A3B36DE005007D2 /* Debug */ = {
			isa = XCBuildConfiguration;
			buildSettings = {
				ALWAYS_SEARCH_USER_PATHS = NO;
				CLANG_ANALYZER_NONNULL = YES;
				CLANG_ANALYZER_NUMBER_OBJECT_CONVERSION = YES_AGGRESSIVE;
				CLANG_CXX_LANGUAGE_STANDARD = "gnu++20";
				CLANG_ENABLE_MODULES = YES;
				CLANG_ENABLE_OBJC_ARC = YES;
				CLANG_ENABLE_OBJC_WEAK = YES;
				CLANG_WARN_BLOCK_CAPTURE_AUTORELEASING = YES;
				CLANG_WARN_BOOL_CONVERSION = YES;
				CLANG_WARN_COMMA = YES;
				CLANG_WARN_CONSTANT_CONVERSION = YES;
				CLANG_WARN_DEPRECATED_OBJC_IMPLEMENTATIONS = YES;
				CLANG_WARN_DIRECT_OBJC_ISA_USAGE = YES_ERROR;
				CLANG_WARN_DOCUMENTATION_COMMENTS = YES;
				CLANG_WARN_EMPTY_BODY = YES;
				CLANG_WARN_ENUM_CONVERSION = YES;
				CLANG_WARN_INFINITE_RECURSION = YES;
				CLANG_WARN_INT_CONVERSION = YES;
				CLANG_WARN_NON_LITERAL_NULL_CONVERSION = YES;
				CLANG_WARN_OBJC_IMPLICIT_RETAIN_SELF = YES;
				CLANG_WARN_OBJC_LITERAL_CONVERSION = YES;
				CLANG_WARN_OBJC_ROOT_CLASS = YES_ERROR;
				CLANG_WARN_QUOTED_INCLUDE_IN_FRAMEWORK_HEADER = YES;
				CLANG_WARN_RANGE_LOOP_ANALYSIS = YES;
				CLANG_WARN_STRICT_PROTOTYPES = YES;
				CLANG_WARN_SUSPICIOUS_MOVE = YES;
				CLANG_WARN_UNGUARDED_AVAILABILITY = YES_AGGRESSIVE;
				CLANG_WARN_UNREACHABLE_CODE = YES;
				CLANG_WARN__DUPLICATE_METHOD_MATCH = YES;
				COPY_PHASE_STRIP = NO;
				DEBUG_INFORMATION_FORMAT = dwarf;
				ENABLE_STRICT_OBJC_MSGSEND = YES;
				ENABLE_TESTABILITY = YES;
				GCC_C_LANGUAGE_STANDARD = gnu11;
				GCC_DYNAMIC_NO_PIC = NO;
				GCC_NO_COMMON_BLOCKS = YES;
				GCC_OPTIMIZATION_LEVEL = 0;
				GCC_PREPROCESSOR_DEFINITIONS = (
					"DEBUG=1",
					"$(inherited)",
				);
				GCC_WARN_64_TO_32_BIT_CONVERSION = YES;
				GCC_WARN_ABOUT_RETURN_TYPE = YES_ERROR;
				GCC_WARN_UNDECLARED_SELECTOR = YES;
				GCC_WARN_UNINITIALIZED_AUTOS = YES_AGGRESSIVE;
				GCC_WARN_UNUSED_FUNCTION = YES;
				GCC_WARN_UNUSED_VARIABLE = YES;
				IPHONEOS_DEPLOYMENT_TARGET = 13.4;
				MTL_ENABLE_DEBUG_INFO = INCLUDE_SOURCE;
				MTL_FAST_MATH = YES;
				ONLY_ACTIVE_ARCH = YES;
				SDKROOT = iphoneos;
				SWIFT_ACTIVE_COMPILATION_CONDITIONS = DEBUG;
				SWIFT_OPTIMIZATION_LEVEL = "-Onone";
			};
			name = Debug;
		};
		8A7CEA602A3B36DE005007D2 /* Release */ = {
			isa = XCBuildConfiguration;
			buildSettings = {
				ALWAYS_SEARCH_USER_PATHS = NO;
				CLANG_ANALYZER_NONNULL = YES;
				CLANG_ANALYZER_NUMBER_OBJECT_CONVERSION = YES_AGGRESSIVE;
				CLANG_CXX_LANGUAGE_STANDARD = "gnu++20";
				CLANG_ENABLE_MODULES = YES;
				CLANG_ENABLE_OBJC_ARC = YES;
				CLANG_ENABLE_OBJC_WEAK = YES;
				CLANG_WARN_BLOCK_CAPTURE_AUTORELEASING = YES;
				CLANG_WARN_BOOL_CONVERSION = YES;
				CLANG_WARN_COMMA = YES;
				CLANG_WARN_CONSTANT_CONVERSION = YES;
				CLANG_WARN_DEPRECATED_OBJC_IMPLEMENTATIONS = YES;
				CLANG_WARN_DIRECT_OBJC_ISA_USAGE = YES_ERROR;
				CLANG_WARN_DOCUMENTATION_COMMENTS = YES;
				CLANG_WARN_EMPTY_BODY = YES;
				CLANG_WARN_ENUM_CONVERSION = YES;
				CLANG_WARN_INFINITE_RECURSION = YES;
				CLANG_WARN_INT_CONVERSION = YES;
				CLANG_WARN_NON_LITERAL_NULL_CONVERSION = YES;
				CLANG_WARN_OBJC_IMPLICIT_RETAIN_SELF = YES;
				CLANG_WARN_OBJC_LITERAL_CONVERSION = YES;
				CLANG_WARN_OBJC_ROOT_CLASS = YES_ERROR;
				CLANG_WARN_QUOTED_INCLUDE_IN_FRAMEWORK_HEADER = YES;
				CLANG_WARN_RANGE_LOOP_ANALYSIS = YES;
				CLANG_WARN_STRICT_PROTOTYPES = YES;
				CLANG_WARN_SUSPICIOUS_MOVE = YES;
				CLANG_WARN_UNGUARDED_AVAILABILITY = YES_AGGRESSIVE;
				CLANG_WARN_UNREACHABLE_CODE = YES;
				CLANG_WARN__DUPLICATE_METHOD_MATCH = YES;
				COPY_PHASE_STRIP = NO;
				DEBUG_INFORMATION_FORMAT = "dwarf-with-dsym";
				ENABLE_NS_ASSERTIONS = NO;
				ENABLE_STRICT_OBJC_MSGSEND = YES;
				GCC_C_LANGUAGE_STANDARD = gnu11;
				GCC_NO_COMMON_BLOCKS = YES;
				GCC_WARN_64_TO_32_BIT_CONVERSION = YES;
				GCC_WARN_ABOUT_RETURN_TYPE = YES_ERROR;
				GCC_WARN_UNDECLARED_SELECTOR = YES;
				GCC_WARN_UNINITIALIZED_AUTOS = YES_AGGRESSIVE;
				GCC_WARN_UNUSED_FUNCTION = YES;
				GCC_WARN_UNUSED_VARIABLE = YES;
				IPHONEOS_DEPLOYMENT_TARGET = 13.4;
				MTL_ENABLE_DEBUG_INFO = NO;
				MTL_FAST_MATH = YES;
				SDKROOT = iphoneos;
				SWIFT_COMPILATION_MODE = wholemodule;
				SWIFT_OPTIMIZATION_LEVEL = "-O";
				VALIDATE_PRODUCT = YES;
			};
			name = Release;
		};
		8A7CEA622A3B36DE005007D2 /* Debug */ = {
			isa = XCBuildConfiguration;
			baseConfigurationReference = A58F3A57BE108C9136A4EE32 /* Pods-Tracker.debug.xcconfig */;
			buildSettings = {
				ASSETCATALOG_COMPILER_APPICON_NAME = AppIcon;
				ASSETCATALOG_COMPILER_GLOBAL_ACCENT_COLOR_NAME = AccentColor;
				CODE_SIGN_STYLE = Automatic;
				CURRENT_PROJECT_VERSION = 1;
				DEVELOPMENT_TEAM = YS4L7AMD5B;
				GENERATE_INFOPLIST_FILE = YES;
				INFOPLIST_FILE = Tracker/Info.plist;
				INFOPLIST_KEY_UIApplicationSupportsIndirectInputEvents = YES;
				INFOPLIST_KEY_UILaunchStoryboardName = LaunchScreen;
				INFOPLIST_KEY_UIStatusBarStyle = "";
				INFOPLIST_KEY_UISupportedInterfaceOrientations = UIInterfaceOrientationPortrait;
				INFOPLIST_KEY_UISupportedInterfaceOrientations_iPad = "UIInterfaceOrientationLandscapeLeft UIInterfaceOrientationLandscapeRight UIInterfaceOrientationPortrait UIInterfaceOrientationPortraitUpsideDown";
				LD_RUNPATH_SEARCH_PATHS = (
					"$(inherited)",
					"@executable_path/Frameworks",
				);
				MARKETING_VERSION = 1.0;
				PRODUCT_BUNDLE_IDENTIFIER = ru.artemadiev.Tracker;
				PRODUCT_NAME = "$(TARGET_NAME)";
				SUPPORTED_PLATFORMS = "iphoneos iphonesimulator";
				SUPPORTS_MACCATALYST = NO;
				SUPPORTS_MAC_DESIGNED_FOR_IPHONE_IPAD = NO;
				SWIFT_EMIT_LOC_STRINGS = YES;
				SWIFT_VERSION = 5.0;
				TARGETED_DEVICE_FAMILY = 1;
			};
			name = Debug;
		};
		8A7CEA632A3B36DE005007D2 /* Release */ = {
			isa = XCBuildConfiguration;
			baseConfigurationReference = 0638CFED3D6FD27B72ECFAA8 /* Pods-Tracker.release.xcconfig */;
			buildSettings = {
				ASSETCATALOG_COMPILER_APPICON_NAME = AppIcon;
				ASSETCATALOG_COMPILER_GLOBAL_ACCENT_COLOR_NAME = AccentColor;
				CODE_SIGN_STYLE = Automatic;
				CURRENT_PROJECT_VERSION = 1;
				DEVELOPMENT_TEAM = YS4L7AMD5B;
				GENERATE_INFOPLIST_FILE = YES;
				INFOPLIST_FILE = Tracker/Info.plist;
				INFOPLIST_KEY_UIApplicationSupportsIndirectInputEvents = YES;
				INFOPLIST_KEY_UILaunchStoryboardName = LaunchScreen;
				INFOPLIST_KEY_UIStatusBarStyle = "";
				INFOPLIST_KEY_UISupportedInterfaceOrientations = UIInterfaceOrientationPortrait;
				INFOPLIST_KEY_UISupportedInterfaceOrientations_iPad = "UIInterfaceOrientationLandscapeLeft UIInterfaceOrientationLandscapeRight UIInterfaceOrientationPortrait UIInterfaceOrientationPortraitUpsideDown";
				LD_RUNPATH_SEARCH_PATHS = (
					"$(inherited)",
					"@executable_path/Frameworks",
				);
				MARKETING_VERSION = 1.0;
				PRODUCT_BUNDLE_IDENTIFIER = ru.artemadiev.Tracker;
				PRODUCT_NAME = "$(TARGET_NAME)";
				SUPPORTED_PLATFORMS = "iphoneos iphonesimulator";
				SUPPORTS_MACCATALYST = NO;
				SUPPORTS_MAC_DESIGNED_FOR_IPHONE_IPAD = NO;
				SWIFT_EMIT_LOC_STRINGS = YES;
				SWIFT_VERSION = 5.0;
				TARGETED_DEVICE_FAMILY = 1;
			};
			name = Release;
		};
/* End XCBuildConfiguration section */

/* Begin XCConfigurationList section */
		8A7CEA482A3B36DC005007D2 /* Build configuration list for PBXProject "Tracker" */ = {
			isa = XCConfigurationList;
			buildConfigurations = (
				8A7CEA5F2A3B36DE005007D2 /* Debug */,
				8A7CEA602A3B36DE005007D2 /* Release */,
			);
			defaultConfigurationIsVisible = 0;
			defaultConfigurationName = Release;
		};
		8A7CEA612A3B36DE005007D2 /* Build configuration list for PBXNativeTarget "Tracker" */ = {
			isa = XCConfigurationList;
			buildConfigurations = (
				8A7CEA622A3B36DE005007D2 /* Debug */,
				8A7CEA632A3B36DE005007D2 /* Release */,
			);
			defaultConfigurationIsVisible = 0;
			defaultConfigurationName = Release;
		};
/* End XCConfigurationList section */

/* Begin XCVersionGroup section */
		8A70EB192A717AA6002E6409 /* CoreDataModel.xcdatamodeld */ = {
			isa = XCVersionGroup;
			children = (
				8A70EB1A2A717AA6002E6409 /* CoreDataModel.xcdatamodel */,
			);
			currentVersion = 8A70EB1A2A717AA6002E6409 /* CoreDataModel.xcdatamodel */;
			path = CoreDataModel.xcdatamodeld;
			sourceTree = "<group>";
			versionGroupType = wrapper.xcdatamodel;
		};
/* End XCVersionGroup section */
	};
	rootObject = 8A7CEA452A3B36DC005007D2 /* Project object */;
}
